
Microsoft Visual Studio Solution File, Format Version 12.00
# Visual Studio Version 17
VisualStudioVersion = 17.6.33829.357
MinimumVisualStudioVersion = 10.0.40219.1
Project("{FAE04EC0-301F-11D3-BF4B-00C04F79EFBC}") = "401-Lab04", "401-Lab04.csproj", "{381CD521-65F7-47F9-9AE3-D4EEBCA32F02}"
EndProject
Global
	GlobalSection(SolutionConfigurationPlatforms) = preSolution
		Debug|Any CPU = Debug|Any CPU
		Release|Any CPU = Release|Any CPU
	EndGlobalSection
	GlobalSection(ProjectConfigurationPlatforms) = postSolution
		{381CD521-65F7-47F9-9AE3-D4EEBCA32F02}.Debug|Any CPU.ActiveCfg = Debug|Any CPU
		{381CD521-65F7-47F9-9AE3-D4EEBCA32F02}.Debug|Any CPU.Build.0 = Debug|Any CPU
		{381CD521-65F7-47F9-9AE3-D4EEBCA32F02}.Release|Any CPU.ActiveCfg = Release|Any CPU
		{381CD521-65F7-47F9-9AE3-D4EEBCA32F02}.Release|Any CPU.Build.0 = Release|Any CPU
	EndGlobalSection
	GlobalSection(SolutionProperties) = preSolution
		HideSolutionNode = FALSE
	EndGlobalSection
	GlobalSection(ExtensibilityGlobals) = postSolution
		SolutionGuid = {944EFD2E-5B99-4B59-88B9-172B7CCB4A0F}
	EndGlobalSection
EndGlobal
